{
  "name": "styled-native",
  "version": "0.1.10",
  "lockfileVersion": 1,
  "requires": true,
  "dependencies": {
    "@styled-system/background": {
      "version": "5.1.0",
      "resolved": "https://registry.npmjs.org/@styled-system/background/-/background-5.1.0.tgz",
      "integrity": "sha512-ZkDuxKCIQY/Bu2OKGOoSWH7oGnECktccwBmdHm2nv3jjksx0LdqNu7VnRZSnrDFhWnvzwqsZRRSwd5X3UQUC+g==",
      "requires": {
        "@styled-system/core": "^5.1.0"
      }
    },
    "@styled-system/border": {
      "version": "5.1.0",
      "resolved": "https://registry.npmjs.org/@styled-system/border/-/border-5.1.0.tgz",
      "integrity": "sha512-T7wecQ0L/4bEOhbnOmBvrmNX+kdYC7ihurwTZVDwuJUpq0XlXL9bvSjeUPZ18vSg0uR6SjrAcrvPCNfy44KpoQ==",
      "requires": {
        "@styled-system/core": "^5.1.0"
      }
    },
    "@styled-system/color": {
      "version": "5.1.0",
      "resolved": "https://registry.npmjs.org/@styled-system/color/-/color-5.1.0.tgz",
      "integrity": "sha512-Rs7fmZJrUp7+PxT0VlS7wzK0EYGCr3ESj8CnPHEJGehzC12uPsHLq5ez0h7Sz6GDrEbhmKK4wuz1fFgRiPPqaA==",
      "requires": {
        "@styled-system/core": "^5.1.0"
      }
    },
    "@styled-system/core": {
      "version": "5.1.0",
      "resolved": "https://registry.npmjs.org/@styled-system/core/-/core-5.1.0.tgz",
      "integrity": "sha512-HW2ds0qCbmCeGufu0OjQhQ7w8gBHyUT7eeC6XwXwJm6vvLyclt23ervgdMiLhNF2i41Xu+tYFQnfeREZV9j9IA==",
      "requires": {
        "object-assign": "^4.1.1"
      }
    },
    "@styled-system/css": {
      "version": "5.0.23",
      "resolved": "https://registry.npmjs.org/@styled-system/css/-/css-5.0.23.tgz",
      "integrity": "sha512-yC3S0Iox8OTPAyrP1t5yY9nURUICcUdhVYOkwffftuxa5+txxI4qkT2e9JNCc2aaem+DG8mlXTdnYefjqge5wg=="
    },
    "@styled-system/flexbox": {
      "version": "5.1.0",
      "resolved": "https://registry.npmjs.org/@styled-system/flexbox/-/flexbox-5.1.0.tgz",
      "integrity": "sha512-/+wCgQdj/a7kyiEnEQFYZtydNqej3+cIUyTnTmhIi54E/kX9gK1GxkgxIjOPCWvsmblObFj1TVD2uQbsJRZiOA==",
      "requires": {
        "@styled-system/core": "^5.1.0"
      }
    },
    "@styled-system/grid": {
      "version": "5.1.0",
      "resolved": "https://registry.npmjs.org/@styled-system/grid/-/grid-5.1.0.tgz",
      "integrity": "sha512-Ja2N8qcZY8VK5eS5sg6JHUEN+UteZsX5rHnfE4gJLGKEYbs/dKcEhil6b54XBICEd+FUKsLIS3OMgpUJI7SD6Q==",
      "requires": {
        "@styled-system/core": "^5.1.0"
      }
    },
    "@styled-system/layout": {
      "version": "5.1.0",
      "resolved": "https://registry.npmjs.org/@styled-system/layout/-/layout-5.1.0.tgz",
      "integrity": "sha512-x9vx1McYHK77ZhKdqRCFlVEr9fMQFF2qBDUg5h49TGJOCoQQZil24TSZ7RyoSR2CHYzfj2SfAOU/D2kCb/x43g==",
      "requires": {
        "@styled-system/core": "^5.1.0"
      }
    },
    "@styled-system/position": {
      "version": "5.1.0",
      "resolved": "https://registry.npmjs.org/@styled-system/position/-/position-5.1.0.tgz",
      "integrity": "sha512-xmOUlrOJgOpOVVYhpGpWuLKfWjKE1MhBsuA+J4uFHl2W+KXbA6Q4fzMsFV1dmDYwFEvx+nJav5jU+3V/yQ2ISg==",
      "requires": {
        "@styled-system/core": "^5.1.0"
      }
    },
    "@styled-system/shadow": {
      "version": "5.1.0",
      "resolved": "https://registry.npmjs.org/@styled-system/shadow/-/shadow-5.1.0.tgz",
      "integrity": "sha512-fYeZhtlUyuMKxt8n0VjvXYKnLhty1jCkdQFB9eqJlWRqENnLL7UWloTcdEKfVP1+GZ6P+QvSfzMulJqUw7fMMA==",
      "requires": {
        "@styled-system/core": "^5.1.0"
      }
    },
    "@styled-system/space": {
      "version": "5.1.0",
      "resolved": "https://registry.npmjs.org/@styled-system/space/-/space-5.1.0.tgz",
      "integrity": "sha512-rBCjAlXOLx8yVLTiG3noIelwDsFBYeFllH9Tf33/1oPZIWlykzLF3qOhyWLFjkjqfSyiu46+HzRcPwHgedoc8A==",
      "requires": {
        "@styled-system/core": "^5.1.0"
      }
    },
    "@styled-system/theme-get": {
      "version": "5.1.0",
      "resolved": "https://registry.npmjs.org/@styled-system/theme-get/-/theme-get-5.1.0.tgz",
      "integrity": "sha512-yaizi+B2Il7+P5P5E69vNKgnJ/gDWdXrtnQZ6+SpuG20VniWSXXBJQl21QqQVyubgUu5z3mIUeYnsRsMDw5QGg==",
      "requires": {
        "@styled-system/core": "^5.1.0"
      }
    },
    "@styled-system/typography": {
      "version": "5.1.0",
      "resolved": "https://registry.npmjs.org/@styled-system/typography/-/typography-5.1.0.tgz",
      "integrity": "sha512-3XI25fwASdWrt49768yiLbnZ24MD1r/YZiEDwhvwHbikhWE7WWb6t6qHjvoh2KV4DLQpoM1It//EYbzFCZFosA==",
      "requires": {
        "@styled-system/core": "^5.1.0"
      }
    },
    "@styled-system/variant": {
      "version": "5.1.0",
      "resolved": "https://registry.npmjs.org/@styled-system/variant/-/variant-5.1.0.tgz",
      "integrity": "sha512-4YrBGpxutxMcdE10zzMeqMup7g/pUtuQkC3DS0rbn6D56ggS+wgFUuhVgqcoXbbbUeIwJyj+UjjPpZAU5oG8yg==",
      "requires": {
        "@styled-system/core": "^5.1.0",
        "@styled-system/css": "^5.0.23"
      }
    },
    "object-assign": {
      "version": "4.1.1",
      "resolved": "https://registry.npmjs.org/object-assign/-/object-assign-4.1.1.tgz",
      "integrity": "sha1-IQmtx5ZYh8/AXLvUQsrIv7s2CGM="
    },
    "styled-system": {
      "version": "5.1.0",
      "resolved": "https://registry.npmjs.org/styled-system/-/styled-system-5.1.0.tgz",
      "integrity": "sha512-rlZvEXQKFDXHxAfVzph6GDowOyUb9PGZrE3pGgv6W8chEnG02HJrB6AfosNEEZzuQI2RdUX2piqnW4eEkG9lMg==",
      "requires": {
        "@styled-system/background": "^5.1.0",
        "@styled-system/border": "^5.1.0",
        "@styled-system/color": "^5.1.0",
        "@styled-system/core": "^5.1.0",
        "@styled-system/flexbox": "^5.1.0",
        "@styled-system/grid": "^5.1.0",
        "@styled-system/layout": "^5.1.0",
        "@styled-system/position": "^5.1.0",
        "@styled-system/shadow": "^5.1.0",
        "@styled-system/space": "^5.1.0",
        "@styled-system/typography": "^5.1.0",
        "@styled-system/variant": "^5.1.0",
        "object-assign": "^4.1.1"
      }
    }
  }
}
